
Microsoft Visual Studio Solution File, Format Version 12.00
# Visual Studio Version 17
VisualStudioVersion = 17.5.002.0
MinimumVisualStudioVersion = 10.0.40219.1
Project("{9A19103F-16F7-4668-BE54-9A1E7A4F7556}") = "BootcampEf", "BootcampEf.csproj", "{C6F9BA2B-2A2A-4368-9571-9DB60D4F33D3}"
EndProject
Global
	GlobalSection(SolutionConfigurationPlatforms) = preSolution
		Debug|Any CPU = Debug|Any CPU
		Release|Any CPU = Release|Any CPU
	EndGlobalSection
	GlobalSection(ProjectConfigurationPlatforms) = postSolution
		{C6F9BA2B-2A2A-4368-9571-9DB60D4F33D3}.Debug|Any CPU.ActiveCfg = Debug|Any CPU
		{C6F9BA2B-2A2A-4368-9571-9DB60D4F33D3}.Debug|Any CPU.Build.0 = Debug|Any CPU
		{C6F9BA2B-2A2A-4368-9571-9DB60D4F33D3}.Release|Any CPU.ActiveCfg = Release|Any CPU
		{C6F9BA2B-2A2A-4368-9571-9DB60D4F33D3}.Release|Any CPU.Build.0 = Release|Any CPU
	EndGlobalSection
	GlobalSection(SolutionProperties) = preSolution
		HideSolutionNode = FALSE
	EndGlobalSection
	GlobalSection(ExtensibilityGlobals) = postSolution
		SolutionGuid = {56DDBEC4-B86A-4BBB-BB15-1DE63BD384A0}
	EndGlobalSection
EndGlobal
