
Microsoft Visual Studio Solution File, Format Version 12.00
# Visual Studio Version 17
VisualStudioVersion = 17.5.002.0
MinimumVisualStudioVersion = 10.0.40219.1
Project("{9A19103F-16F7-4668-BE54-9A1E7A4F7556}") = "BootcampApp", "BootcampApp\BootcampApp.csproj", "{7525BF79-3ED1-44CA-8F2D-330E4A71AAEC}"
EndProject
Global
	GlobalSection(SolutionConfigurationPlatforms) = preSolution
		Debug|Any CPU = Debug|Any CPU
		Release|Any CPU = Release|Any CPU
	EndGlobalSection
	GlobalSection(ProjectConfigurationPlatforms) = postSolution
		{7525BF79-3ED1-44CA-8F2D-330E4A71AAEC}.Debug|Any CPU.ActiveCfg = Debug|Any CPU
		{7525BF79-3ED1-44CA-8F2D-330E4A71AAEC}.Debug|Any CPU.Build.0 = Debug|Any CPU
		{7525BF79-3ED1-44CA-8F2D-330E4A71AAEC}.Release|Any CPU.ActiveCfg = Release|Any CPU
		{7525BF79-3ED1-44CA-8F2D-330E4A71AAEC}.Release|Any CPU.Build.0 = Release|Any CPU
	EndGlobalSection
	GlobalSection(SolutionProperties) = preSolution
		HideSolutionNode = FALSE
	EndGlobalSection
	GlobalSection(ExtensibilityGlobals) = postSolution
		SolutionGuid = {133F5B2C-79C6-40FB-8A56-22F4C72D4056}
	EndGlobalSection
EndGlobal
